
Microsoft Visual Studio Solution File, Format Version 12.00
# Visual Studio Version 16
VisualStudioVersion = 16.0.29102.190
MinimumVisualStudioVersion = 10.0.40219.1
Project("{9A19103F-16F7-4668-BE54-9A1E7A4F7556}") = "EasyToRememberPwd-WebApi", "EasyToRememberPwd-WebApi\EasyToRememberPwd-WebApi.csproj", "{AA575DE0-5EEC-48D8-8643-C5910AA70434}"
EndProject
Project("{9A19103F-16F7-4668-BE54-9A1E7A4F7556}") = "EasyToRemember-Tests", "EasyToRemember-Tests\EasyToRemember-Tests.csproj", "{299D8B2F-F3D9-4A2F-9DD5-0A132F9D7CA1}"
EndProject
Global
	GlobalSection(SolutionConfigurationPlatforms) = preSolution
		Debug|Any CPU = Debug|Any CPU
		Release|Any CPU = Release|Any CPU
	EndGlobalSection
	GlobalSection(ProjectConfigurationPlatforms) = postSolution
		{AA575DE0-5EEC-48D8-8643-C5910AA70434}.Debug|Any CPU.ActiveCfg = Debug|Any CPU
		{AA575DE0-5EEC-48D8-8643-C5910AA70434}.Debug|Any CPU.Build.0 = Debug|Any CPU
		{AA575DE0-5EEC-48D8-8643-C5910AA70434}.Release|Any CPU.ActiveCfg = Release|Any CPU
		{AA575DE0-5EEC-48D8-8643-C5910AA70434}.Release|Any CPU.Build.0 = Release|Any CPU
		{299D8B2F-F3D9-4A2F-9DD5-0A132F9D7CA1}.Debug|Any CPU.ActiveCfg = Debug|Any CPU
		{299D8B2F-F3D9-4A2F-9DD5-0A132F9D7CA1}.Debug|Any CPU.Build.0 = Debug|Any CPU
		{299D8B2F-F3D9-4A2F-9DD5-0A132F9D7CA1}.Release|Any CPU.ActiveCfg = Release|Any CPU
		{299D8B2F-F3D9-4A2F-9DD5-0A132F9D7CA1}.Release|Any CPU.Build.0 = Release|Any CPU
	EndGlobalSection
	GlobalSection(SolutionProperties) = preSolution
		HideSolutionNode = FALSE
	EndGlobalSection
	GlobalSection(ExtensibilityGlobals) = postSolution
		SolutionGuid = {1EE3EF00-1202-42B8-90DE-D7840914AEB7}
	EndGlobalSection
EndGlobal
